
Microsoft Visual Studio Solution File, Format Version 12.00
# Visual Studio 15
Project("{FAE04EC0-301F-11D3-BF4B-00C04F79EFBC}") = "mergeLinkedLists", "mergeLinkedLists\mergeLinkedLists.csproj", "{D2DF9739-9EBB-4D76-B98E-D0A56FD14CAA}"
EndProject
Global
	GlobalSection(SolutionConfigurationPlatforms) = preSolution
		Debug|Any CPU = Debug|Any CPU
		Release|Any CPU = Release|Any CPU
	EndGlobalSection
	GlobalSection(ProjectConfigurationPlatforms) = postSolution
		{D2DF9739-9EBB-4D76-B98E-D0A56FD14CAA}.Debug|Any CPU.ActiveCfg = Debug|Any CPU
		{D2DF9739-9EBB-4D76-B98E-D0A56FD14CAA}.Debug|Any CPU.Build.0 = Debug|Any CPU
		{D2DF9739-9EBB-4D76-B98E-D0A56FD14CAA}.Release|Any CPU.ActiveCfg = Release|Any CPU
		{D2DF9739-9EBB-4D76-B98E-D0A56FD14CAA}.Release|Any CPU.Build.0 = Release|Any CPU
	EndGlobalSection
EndGlobal
